// !$*UTF8*$!
{
	archiveVersion = 1;
	classes = {
	};
	objectVersion = 50;
	objects = {

/* Begin PBXBuildFile section */
		C926E492225341C3002B7949 /* AppDelegate.swift in Sources */ = {isa = PBXBuildFile; fileRef = C926E491225341C3002B7949 /* AppDelegate.swift */; };
		C926E494225341C3002B7949 /* ViewController.swift in Sources */ = {isa = PBXBuildFile; fileRef = C926E493225341C3002B7949 /* ViewController.swift */; };
		C926E497225341C3002B7949 /* Main.storyboard in Resources */ = {isa = PBXBuildFile; fileRef = C926E495225341C3002B7949 /* Main.storyboard */; };
		C926E499225341C4002B7949 /* Assets.xcassets in Resources */ = {isa = PBXBuildFile; fileRef = C926E498225341C4002B7949 /* Assets.xcassets */; };
		C926E49C225341C4002B7949 /* LaunchScreen.storyboard in Resources */ = {isa = PBXBuildFile; fileRef = C926E49A225341C4002B7949 /* LaunchScreen.storyboard */; };
		C926E4A7225341C4002B7949 /* SocketTestTests.swift in Sources */ = {isa = PBXBuildFile; fileRef = C926E4A6225341C4002B7949 /* SocketTestTests.swift */; };
		C926E4B2225341C4002B7949 /* SocketTestUITests.swift in Sources */ = {isa = PBXBuildFile; fileRef = C926E4B1225341C4002B7949 /* SocketTestUITests.swift */; };
/* End PBXBuildFile section */

/* Begin PBXContainerItemProxy section */
		C926E4A3225341C4002B7949 /* PBXContainerItemProxy */ = {
			isa = PBXContainerItemProxy;
			containerPortal = C926E486225341C3002B7949 /* Project object */;
			proxyType = 1;
			remoteGlobalIDString = C926E48D225341C3002B7949;
			remoteInfo = SocketTest;
		};
		C926E4AE225341C4002B7949 /* PBXContainerItemProxy */ = {
			isa = PBXContainerItemProxy;
			containerPortal = C926E486225341C3002B7949 /* Project object */;
			proxyType = 1;
			remoteGlobalIDString = C926E48D225341C3002B7949;
			remoteInfo = SocketTest;
		};
/* End PBXContainerItemProxy section */

/* Begin PBXFileReference section */
		C926E48E225341C3002B7949 /* SocketTest.app */ = {isa = PBXFileReference; explicitFileType = wrapper.application; includeInIndex = 0; path = SocketTest.app; sourceTree = BUILT_PRODUCTS_DIR; };
		C926E491225341C3002B7949 /* AppDelegate.swift */ = {isa = PBXFileReference; lastKnownFileType = sourcecode.swift; path = AppDelegate.swift; sourceTree = "<group>"; };
		C926E493225341C3002B7949 /* ViewController.swift */ = {isa = PBXFileReference; lastKnownFileType = sourcecode.swift; path = ViewController.swift; sourceTree = "<group>"; };
		C926E496225341C3002B7949 /* Base */ = {isa = PBXFileReference; lastKnownFileType = file.storyboard; name = Base; path = Base.lproj/Main.storyboard; sourceTree = "<group>"; };
		C926E498225341C4002B7949 /* Assets.xcassets */ = {isa = PBXFileReference; lastKnownFileType = folder.assetcatalog; path = Assets.xcassets; sourceTree = "<group>"; };
		C926E49B225341C4002B7949 /* Base */ = {isa = PBXFileReference; lastKnownFileType = file.storyboard; name = Base; path = Base.lproj/LaunchScreen.storyboard; sourceTree = "<group>"; };
		C926E49D225341C4002B7949 /* Info.plist */ = {isa = PBXFileReference; lastKnownFileType = text.plist.xml; path = Info.plist; sourceTree = "<group>"; };
		C926E4A2225341C4002B7949 /* SocketTestTests.xctest */ = {isa = PBXFileReference; explicitFileType = wrapper.cfbundle; includeInIndex = 0; path = SocketTestTests.xctest; sourceTree = BUILT_PRODUCTS_DIR; };
		C926E4A6225341C4002B7949 /* SocketTestTests.swift */ = {isa = PBXFileReference; lastKnownFileType = sourcecode.swift; path = SocketTestTests.swift; sourceTree = "<group>"; };
		C926E4A8225341C4002B7949 /* Info.plist */ = {isa = PBXFileReference; lastKnownFileType = text.plist.xml; path = Info.plist; sourceTree = "<group>"; };
		C926E4AD225341C4002B7949 /* SocketTestUITests.xctest */ = {isa = PBXFileReference; explicitFileType = wrapper.cfbundle; includeInIndex = 0; path = SocketTestUITests.xctest; sourceTree = BUILT_PRODUCTS_DIR; };
		C926E4B1225341C4002B7949 /* SocketTestUITests.swift */ = {isa = PBXFileReference; lastKnownFileType = sourcecode.swift; path = SocketTestUITests.swift; sourceTree = "<group>"; };
		C926E4B3225341C4002B7949 /* Info.plist */ = {isa = PBXFileReference; lastKnownFileType = text.plist.xml; path = Info.plist; sourceTree = "<group>"; };
/* End PBXFileReference section */

/* Begin PBXFrameworksBuildPhase section */
		C926E48B225341C3002B7949 /* Frameworks */ = {
			isa = PBXFrameworksBuildPhase;
			buildActionMask = 2147483647;
			files = (
			);
			runOnlyForDeploymentPostprocessing = 0;
		};
		C926E49F225341C4002B7949 /* Frameworks */ = {
			isa = PBXFrameworksBuildPhase;
			buildActionMask = 2147483647;
			files = (
			);
			runOnlyForDeploymentPostprocessing = 0;
		};
		C926E4AA225341C4002B7949 /* Frameworks */ = {
			isa = PBXFrameworksBuildPhase;
			buildActionMask = 2147483647;
			files = (
			);
			runOnlyForDeploymentPostprocessing = 0;
		};
/* End PBXFrameworksBuildPhase section */

/* Begin PBXGroup section */
		C926E485225341C3002B7949 = {
			isa = PBXGroup;
			children = (
				C926E490225341C3002B7949 /* SocketTest */,
				C926E4A5225341C4002B7949 /* SocketTestTests */,
				C926E4B0225341C4002B7949 /* SocketTestUITests */,
				C926E48F225341C3002B7949 /* Products */,
			);
			sourceTree = "<group>";
		};
		C926E48F225341C3002B7949 /* Products */ = {
			isa = PBXGroup;
			children = (
				C926E48E225341C3002B7949 /* SocketTest.app */,
				C926E4A2225341C4002B7949 /* SocketTestTests.xctest */,
				C926E4AD225341C4002B7949 /* SocketTestUITests.xctest */,
			);
			name = Products;
			sourceTree = "<group>";
		};
		C926E490225341C3002B7949 /* SocketTest */ = {
			isa = PBXGroup;
			children = (
				C926E491225341C3002B7949 /* AppDelegate.swift */,
				C926E493225341C3002B7949 /* ViewController.swift */,
				C926E495225341C3002B7949 /* Main.storyboard */,
				C926E498225341C4002B7949 /* Assets.xcassets */,
				C926E49A225341C4002B7949 /* LaunchScreen.storyboard */,
				C926E49D225341C4002B7949 /* Info.plist */,
			);
			path = SocketTest;
			sourceTree = "<group>";
		};
		C926E4A5225341C4002B7949 /* SocketTestTests */ = {
			isa = PBXGroup;
			children = (
				C926E4A6225341C4002B7949 /* SocketTestTests.swift */,
				C926E4A8225341C4002B7949 /* Info.plist */,
			);
			path = SocketTestTests;
			sourceTree = "<group>";
		};
		C926E4B0225341C4002B7949 /* SocketTestUITests */ = {
			isa = PBXGroup;
			children = (
				C926E4B1225341C4002B7949 /* SocketTestUITests.swift */,
				C926E4B3225341C4002B7949 /* Info.plist */,
			);
			path = SocketTestUITests;
			sourceTree = "<group>";
		};
/* End PBXGroup section */

/* Begin PBXNativeTarget section */
		C926E48D225341C3002B7949 /* SocketTest */ = {
			isa = PBXNativeTarget;
			buildConfigurationList = C926E4B6225341C4002B7949 /* Build configuration list for PBXNativeTarget "SocketTest" */;
			buildPhases = (
				C926E48A225341C3002B7949 /* Sources */,
				C926E48B225341C3002B7949 /* Frameworks */,
				C926E48C225341C3002B7949 /* Resources */,
			);
			buildRules = (
			);
			dependencies = (
			);
			name = SocketTest;
			productName = SocketTest;
			productReference = C926E48E225341C3002B7949 /* SocketTest.app */;
			productType = "com.apple.product-type.application";
		};
		C926E4A1225341C4002B7949 /* SocketTestTests */ = {
			isa = PBXNativeTarget;
			buildConfigurationList = C926E4B9225341C4002B7949 /* Build configuration list for PBXNativeTarget "SocketTestTests" */;
			buildPhases = (
				C926E49E225341C4002B7949 /* Sources */,
				C926E49F225341C4002B7949 /* Frameworks */,
				C926E4A0225341C4002B7949 /* Resources */,
			);
			buildRules = (
			);
			dependencies = (
				C926E4A4225341C4002B7949 /* PBXTargetDependency */,
			);
			name = SocketTestTests;
			productName = SocketTestTests;
			productReference = C926E4A2225341C4002B7949 /* SocketTestTests.xctest */;
			productType = "com.apple.product-type.bundle.unit-test";
		};
		C926E4AC225341C4002B7949 /* SocketTestUITests */ = {
			isa = PBXNativeTarget;
			buildConfigurationList = C926E4BC225341C4002B7949 /* Build configuration list for PBXNativeTarget "SocketTestUITests" */;
			buildPhases = (
				C926E4A9225341C4002B7949 /* Sources */,
				C926E4AA225341C4002B7949 /* Frameworks */,
				C926E4AB225341C4002B7949 /* Resources */,
			);
			buildRules = (
			);
			dependencies = (
				C926E4AF225341C4002B7949 /* PBXTargetDependency */,
			);
			name = SocketTestUITests;
			productName = SocketTestUITests;
			productReference = C926E4AD225341C4002B7949 /* SocketTestUITests.xctest */;
			productType = "com.apple.product-type.bundle.ui-testing";
		};
/* End PBXNativeTarget section */

/* Begin PBXProject section */
		C926E486225341C3002B7949 /* Project object */ = {
			isa = PBXProject;
			attributes = {
				LastSwiftUpdateCheck = 1020;
				LastUpgradeCheck = 1020;
				ORGANIZATIONNAME = " yommat";
				TargetAttributes = {
					C926E48D225341C3002B7949 = {
						CreatedOnToolsVersion = 10.2;
					};
					C926E4A1225341C4002B7949 = {
						CreatedOnToolsVersion = 10.2;
						TestTargetID = C926E48D225341C3002B7949;
					};
					C926E4AC225341C4002B7949 = {
						CreatedOnToolsVersion = 10.2;
						TestTargetID = C926E48D225341C3002B7949;
					};
				};
			};
			buildConfigurationList = C926E489225341C3002B7949 /* Build configuration list for PBXProject "SocketTest" */;
			compatibilityVersion = "Xcode 9.3";
			developmentRegion = en;
			hasScannedForEncodings = 0;
			knownRegions = (
				en,
				Base,
			);
			mainGroup = C926E485225341C3002B7949;
			productRefGroup = C926E48F225341C3002B7949 /* Products */;
			projectDirPath = "";
			projectRoot = "";
			targets = (
				C926E48D225341C3002B7949 /* SocketTest */,
				C926E4A1225341C4002B7949 /* SocketTestTests */,
				C926E4AC225341C4002B7949 /* SocketTestUITests */,
			);
		};
/* End PBXProject section */

/* Begin PBXResourcesBuildPhase section */
		C926E48C225341C3002B7949 /* Resources */ = {
			isa = PBXResourcesBuildPhase;
			buildActionMask = 2147483647;
			files = (
				C926E49C225341C4002B7949 /* LaunchScreen.storyboard in Resources */,
				C926E499225341C4002B7949 /* Assets.xcassets in Resources */,
				C926E497225341C3002B7949 /* Main.storyboard in Resources */,
			);
			runOnlyForDeploymentPostprocessing = 0;
		};
		C926E4A0225341C4002B7949 /* Resources */ = {
			isa = PBXResourcesBuildPhase;
			buildActionMask = 2147483647;
			files = (
			);
			runOnlyForDeploymentPostprocessing = 0;
		};
		C926E4AB225341C4002B7949 /* Resources */ = {
			isa = PBXResourcesBuildPhase;
			buildActionMask = 2147483647;
			files = (
			);
			runOnlyForDeploymentPostprocessing = 0;
		};
/* End PBXResourcesBuildPhase section */

/* Begin PBXSourcesBuildPhase section */
		C926E48A225341C3002B7949 /* Sources */ = {
			isa = PBXSourcesBuildPhase;
			buildActionMask = 2147483647;
			files = (
				C926E494225341C3002B7949 /* ViewController.swift in Sources */,
				C926E492225341C3002B7949 /* AppDelegate.swift in Sources */,
			);
			runOnlyForDeploymentPostprocessing = 0;
		};
		C926E49E225341C4002B7949 /* Sources */ = {
			isa = PBXSourcesBuildPhase;
			buildActionMask = 2147483647;
			files = (
				C926E4A7225341C4002B7949 /* SocketTestTests.swift in Sources */,
			);
			runOnlyForDeploymentPostprocessing = 0;
		};
		C926E4A9225341C4002B7949 /* Sources */ = {
			isa = PBXSourcesBuildPhase;
			buildActionMask = 2147483647;
			files = (
				C926E4B2225341C4002B7949 /* SocketTestUITests.swift in Sources */,
			);
			runOnlyForDeploymentPostprocessing = 0;
		};
/* End PBXSourcesBuildPhase section */

/* Begin PBXTargetDependency section */
		C926E4A4225341C4002B7949 /* PBXTargetDependency */ = {
			isa = PBXTargetDependency;
			target = C926E48D225341C3002B7949 /* SocketTest */;
			targetProxy = C926E4A3225341C4002B7949 /* PBXContainerItemProxy */;
		};
		C926E4AF225341C4002B7949 /* PBXTargetDependency */ = {
			isa = PBXTargetDependency;
			target = C926E48D225341C3002B7949 /* SocketTest */;
			targetProxy = C926E4AE225341C4002B7949 /* PBXContainerItemProxy */;
		};
/* End PBXTargetDependency section */

/* Begin PBXVariantGroup section */
		C926E495225341C3002B7949 /* Main.storyboard */ = {
			isa = PBXVariantGroup;
			children = (
				C926E496225341C3002B7949 /* Base */,
			);
			name = Main.storyboard;
			sourceTree = "<group>";
		};
		C926E49A225341C4002B7949 /* LaunchScreen.storyboard */ = {
			isa = PBXVariantGroup;
			children = (
				C926E49B225341C4002B7949 /* Base */,
			);
			name = LaunchScreen.storyboard;
			sourceTree = "<group>";
		};
/* End PBXVariantGroup section */

/* Begin XCBuildConfiguration section */
		C926E4B4225341C4002B7949 /* Debug */ = {
			isa = XCBuildConfiguration;
			buildSettings = {
				ALWAYS_SEARCH_USER_PATHS = NO;
				CLANG_ANALYZER_NONNULL = YES;
				CLANG_ANALYZER_NUMBER_OBJECT_CONVERSION = YES_AGGRESSIVE;
				CLANG_CXX_LANGUAGE_STANDARD = "gnu++14";
				CLANG_CXX_LIBRARY = "libc++";
				CLANG_ENABLE_MODULES = YES;
				CLANG_ENABLE_OBJC_ARC = YES;
				CLANG_ENABLE_OBJC_WEAK = YES;
				CLANG_WARN_BLOCK_CAPTURE_AUTORELEASING = YES;
				CLANG_WARN_BOOL_CONVERSION = YES;
				CLANG_WARN_COMMA = YES;
				CLANG_WARN_CONSTANT_CONVERSION = YES;
				CLANG_WARN_DEPRECATED_OBJC_IMPLEMENTATIONS = YES;
				CLANG_WARN_DIRECT_OBJC_ISA_USAGE = YES_ERROR;
				CLANG_WARN_DOCUMENTATION_COMMENTS = YES;
				CLANG_WARN_EMPTY_BODY = YES;
				CLANG_WARN_ENUM_CONVERSION = YES;
				CLANG_WARN_INFINITE_RECURSION = YES;
				CLANG_WARN_INT_CONVERSION = YES;
				CLANG_WARN_NON_LITERAL_NULL_CONVERSION = YES;
				CLANG_WARN_OBJC_IMPLICIT_RETAIN_SELF = YES;
				CLANG_WARN_OBJC_LITERAL_CONVERSION = YES;
				CLANG_WARN_OBJC_ROOT_CLASS = YES_ERROR;
				CLANG_WARN_RANGE_LOOP_ANALYSIS = YES;
				CLANG_WARN_STRICT_PROTOTYPES = YES;
				CLANG_WARN_SUSPICIOUS_MOVE = YES;
				CLANG_WARN_UNGUARDED_AVAILABILITY = YES_AGGRESSIVE;
				CLANG_WARN_UNREACHABLE_CODE = YES;
				CLANG_WARN__DUPLICATE_METHOD_MATCH = YES;
				CODE_SIGN_IDENTITY = "iPhone Developer";
				COPY_PHASE_STRIP = NO;
				DEBUG_INFORMATION_FORMAT = dwarf;
				ENABLE_STRICT_OBJC_MSGSEND = YES;
				ENABLE_TESTABILITY = YES;
				GCC_C_LANGUAGE_STANDARD = gnu11;
				GCC_DYNAMIC_NO_PIC = NO;
				GCC_NO_COMMON_BLOCKS = YES;
				GCC_OPTIMIZATION_LEVEL = 0;
				GCC_PREPROCESSOR_DEFINITIONS = (
					"DEBUG=1",
					"$(inherited)",
				);
				GCC_WARN_64_TO_32_BIT_CONVERSION = YES;
				GCC_WARN_ABOUT_RETURN_TYPE = YES_ERROR;
				GCC_WARN_UNDECLARED_SELECTOR = YES;
				GCC_WARN_UNINITIALIZED_AUTOS = YES_AGGRESSIVE;
				GCC_WARN_UNUSED_FUNCTION = YES;
				GCC_WARN_UNUSED_VARIABLE = YES;
				IPHONEOS_DEPLOYMENT_TARGET = 12.2;
				MTL_ENABLE_DEBUG_INFO = INCLUDE_SOURCE;
				MTL_FAST_MATH = YES;
				ONLY_ACTIVE_ARCH = YES;
				SDKROOT = iphoneos;
				SWIFT_ACTIVE_COMPILATION_CONDITIONS = DEBUG;
				SWIFT_OPTIMIZATION_LEVEL = "-Onone";
			};
			name = Debug;
		};
		C926E4B5225341C4002B7949 /* Release */ = {
			isa = XCBuildConfiguration;
			buildSettings = {
				ALWAYS_SEARCH_USER_PATHS = NO;
				CLANG_ANALYZER_NONNULL = YES;
				CLANG_ANALYZER_NUMBER_OBJECT_CONVERSION = YES_AGGRESSIVE;
				CLANG_CXX_LANGUAGE_STANDARD = "gnu++14";
				CLANG_CXX_LIBRARY = "libc++";
				CLANG_ENABLE_MODULES = YES;
				CLANG_ENABLE_OBJC_ARC = YES;
				CLANG_ENABLE_OBJC_WEAK = YES;
				CLANG_WARN_BLOCK_CAPTURE_AUTORELEASING = YES;
				CLANG_WARN_BOOL_CONVERSION = YES;
				CLANG_WARN_COMMA = YES;
				CLANG_WARN_CONSTANT_CONVERSION = YES;
				CLANG_WARN_DEPRECATED_OBJC_IMPLEMENTATIONS = YES;
				CLANG_WARN_DIRECT_OBJC_ISA_USAGE = YES_ERROR;
				CLANG_WARN_DOCUMENTATION_COMMENTS = YES;
				CLANG_WARN_EMPTY_BODY = YES;
				CLANG_WARN_ENUM_CONVERSION = YES;
				CLANG_WARN_INFINITE_RECURSION = YES;
				CLANG_WARN_INT_CONVERSION = YES;
				CLANG_WARN_NON_LITERAL_NULL_CONVERSION = YES;
				CLANG_WARN_OBJC_IMPLICIT_RETAIN_SELF = YES;
				CLANG_WARN_OBJC_LITERAL_CONVERSION = YES;
				CLANG_WARN_OBJC_ROOT_CLASS = YES_ERROR;
				CLANG_WARN_RANGE_LOOP_ANALYSIS = YES;
				CLANG_WARN_STRICT_PROTOTYPES = YES;
				CLANG_WARN_SUSPICIOUS_MOVE = YES;
				CLANG_WARN_UNGUARDED_AVAILABILITY = YES_AGGRESSIVE;
				CLANG_WARN_UNREACHABLE_CODE = YES;
				CLANG_WARN__DUPLICATE_METHOD_MATCH = YES;
				CODE_SIGN_IDENTITY = "iPhone Developer";
				COPY_PHASE_STRIP = NO;
				DEBUG_INFORMATION_FORMAT = "dwarf-with-dsym";
				ENABLE_NS_ASSERTIONS = NO;
				ENABLE_STRICT_OBJC_MSGSEND = YES;
				GCC_C_LANGUAGE_STANDARD = gnu11;
				GCC_NO_COMMON_BLOCKS = YES;
				GCC_WARN_64_TO_32_BIT_CONVERSION = YES;
				GCC_WARN_ABOUT_RETURN_TYPE = YES_ERROR;
				GCC_WARN_UNDECLARED_SELECTOR = YES;
				GCC_WARN_UNINITIALIZED_AUTOS = YES_AGGRESSIVE;
				GCC_WARN_UNUSED_FUNCTION = YES;
				GCC_WARN_UNUSED_VARIABLE = YES;
				IPHONEOS_DEPLOYMENT_TARGET = 12.2;
				MTL_ENABLE_DEBUG_INFO = NO;
				MTL_FAST_MATH = YES;
				SDKROOT = iphoneos;
				SWIFT_COMPILATION_MODE = wholemodule;
				SWIFT_OPTIMIZATION_LEVEL = "-O";
				VALIDATE_PRODUCT = YES;
			};
			name = Release;
		};
		C926E4B7225341C4002B7949 /* Debug */ = {
			isa = XCBuildConfiguration;
			buildSettings = {
				ASSETCATALOG_COMPILER_APPICON_NAME = AppIcon;
				CODE_SIGN_STYLE = Automatic;
				DEVELOPMENT_TEAM = 7QSH35TDZM;
				INFOPLIST_FILE = SocketTest/Info.plist;
				LD_RUNPATH_SEARCH_PATHS = (
					"$(inherited)",
					"@executable_path/Frameworks",
				);
				PRODUCT_BUNDLE_IDENTIFIER = jp.co.absoft.yommat.SocketTest;
				PRODUCT_NAME = "$(TARGET_NAME)";
				SWIFT_VERSION = 5.0;
				TARGETED_DEVICE_FAMILY = "1,2";
			};
			name = Debug;
		};
		C926E4B8225341C4002B7949 /* Release */ = {
			isa = XCBuildConfiguration;
			buildSettings = {
				ASSETCATALOG_COMPILER_APPICON_NAME = AppIcon;
				CODE_SIGN_STYLE = Automatic;
				DEVELOPMENT_TEAM = 7QSH35TDZM;
				INFOPLIST_FILE = SocketTest/Info.plist;
				LD_RUNPATH_SEARCH_PATHS = (
					"$(inherited)",
					"@executable_path/Frameworks",
				);
				PRODUCT_BUNDLE_IDENTIFIER = jp.co.absoft.yommat.SocketTest;
				PRODUCT_NAME = "$(TARGET_NAME)";
				SWIFT_VERSION = 5.0;
				TARGETED_DEVICE_FAMILY = "1,2";
			};
			name = Release;
		};
		C926E4BA225341C4002B7949 /* Debug */ = {
			isa = XCBuildConfiguration;
			buildSettings = {
				ALWAYS_EMBED_SWIFT_STANDARD_LIBRARIES = YES;
				BUNDLE_LOADER = "$(TEST_HOST)";
				CODE_SIGN_STYLE = Automatic;
				DEVELOPMENT_TEAM = 7QSH35TDZM;
				INFOPLIST_FILE = SocketTestTests/Info.plist;
				LD_RUNPATH_SEARCH_PATHS = (
					"$(inherited)",
					"@executable_path/Frameworks",
					"@loader_path/Frameworks",
				);
				PRODUCT_BUNDLE_IDENTIFIER = jp.co.absoft.yommat.SocketTestTests;
				PRODUCT_NAME = "$(TARGET_NAME)";
				SWIFT_VERSION = 5.0;
				TARGETED_DEVICE_FAMILY = "1,2";
				TEST_HOST = "$(BUILT_PRODUCTS_DIR)/SocketTest.app/SocketTest";
			};
			name = Debug;
		};
		C926E4BB225341C4002B7949 /* Release */ = {
			isa = XCBuildConfiguration;
			buildSettings = {
				ALWAYS_EMBED_SWIFT_STANDARD_LIBRARIES = YES;
				BUNDLE_LOADER = "$(TEST_HOST)";
				CODE_SIGN_STYLE = Automatic;
				DEVELOPMENT_TEAM = 7QSH35TDZM;
				INFOPLIST_FILE = SocketTestTests/Info.plist;
				LD_RUNPATH_SEARCH_PATHS = (
					"$(inherited)",
					"@executable_path/Frameworks",
					"@loader_path/Frameworks",
				);
				PRODUCT_BUNDLE_IDENTIFIER = jp.co.absoft.yommat.SocketTestTests;
				PRODUCT_NAME = "$(TARGET_NAME)";
				SWIFT_VERSION = 5.0;
				TARGETED_DEVICE_FAMILY = "1,2";
				TEST_HOST = "$(BUILT_PRODUCTS_DIR)/SocketTest.app/SocketTest";
			};
			name = Release;
		};
		C926E4BD225341C4002B7949 /* Debug */ = {
			isa = XCBuildConfiguration;
			buildSettings = {
				ALWAYS_EMBED_SWIFT_STANDARD_LIBRARIES = YES;
				CODE_SIGN_STYLE = Automatic;
				DEVELOPMENT_TEAM = 7QSH35TDZM;
				INFOPLIST_FILE = SocketTestUITests/Info.plist;
				LD_RUNPATH_SEARCH_PATHS = (
					"$(inherited)",
					"@executable_path/Frameworks",
					"@loader_path/Frameworks",
				);
				PRODUCT_BUNDLE_IDENTIFIER = jp.co.absoft.yommat.SocketTestUITests;
				PRODUCT_NAME = "$(TARGET_NAME)";
				SWIFT_VERSION = 5.0;
				TARGETED_DEVICE_FAMILY = "1,2";
				TEST_TARGET_NAME = SocketTest;
			};
			name = Debug;
		};
		C926E4BE225341C4002B7949 /* Release */ = {
			isa = XCBuildConfiguration;
			buildSettings = {
				ALWAYS_EMBED_SWIFT_STANDARD_LIBRARIES = YES;
				CODE_SIGN_STYLE = Automatic;
				DEVELOPMENT_TEAM = 7QSH35TDZM;
				INFOPLIST_FILE = SocketTestUITests/Info.plist;
				LD_RUNPATH_SEARCH_PATHS = (
					"$(inherited)",
					"@executable_path/Frameworks",
					"@loader_path/Frameworks",
				);
				PRODUCT_BUNDLE_IDENTIFIER = jp.co.absoft.yommat.SocketTestUITests;
				PRODUCT_NAME = "$(TARGET_NAME)";
				SWIFT_VERSION = 5.0;
				TARGETED_DEVICE_FAMILY = "1,2";
				TEST_TARGET_NAME = SocketTest;
			};
			name = Release;
		};
/* End XCBuildConfiguration section */

/* Begin XCConfigurationList section */
		C926E489225341C3002B7949 /* Build configuration list for PBXProject "SocketTest" */ = {
			isa = XCConfigurationList;
			buildConfigurations = (
				C926E4B4225341C4002B7949 /* Debug */,
				C926E4B5225341C4002B7949 /* Release */,
			);
			defaultConfigurationIsVisible = 0;
			defaultConfigurationName = Release;
		};
		C926E4B6225341C4002B7949 /* Build configuration list for PBXNativeTarget "SocketTest" */ = {
			isa = XCConfigurationList;
			buildConfigurations = (
				C926E4B7225341C4002B7949 /* Debug */,
				C926E4B8225341C4002B7949 /* Release */,
			);
			defaultConfigurationIsVisible = 0;
			defaultConfigurationName = Release;
		};
		C926E4B9225341C4002B7949 /* Build configuration list for PBXNativeTarget "SocketTestTests" */ = {
			isa = XCConfigurationList;
			buildConfigurations = (
				C926E4BA225341C4002B7949 /* Debug */,
				C926E4BB225341C4002B7949 /* Release */,
			);
			defaultConfigurationIsVisible = 0;
			defaultConfigurationName = Release;
		};
		C926E4BC225341C4002B7949 /* Build configuration list for PBXNativeTarget "SocketTestUITests" */ = {
			isa = XCConfigurationList;
			buildConfigurations = (
				C926E4BD225341C4002B7949 /* Debug */,
				C926E4BE225341C4002B7949 /* Release */,
			);
			defaultConfigurationIsVisible = 0;
			defaultConfigurationName = Release;
		};
/* End XCConfigurationList section */
	};
	rootObject = C926E486225341C3002B7949 /* Project object */;
}
